// !$*UTF8*$!
{
	archiveVersion = 1;
	classes = {
	};
	objectVersion = 56;
	objects = {

/* Begin PBXBuildFile section */
		93DFB28F0C20713973F467CB /* Assets.xcassets in Resources */ = {isa = PBXBuildFile; fileRef = 93DFB79F1854EC5203C31733 /* Assets.xcassets */; };
		93DFB56887391E3D0C1882C7 /* TCReadApp.swift in Sources */ = {isa = PBXBuildFile; fileRef = 93DFBCB3B775CBCC2B72546E /* TCReadApp.swift */; };
		93DFB7235A89BA4CB123790F /* BookSearchView.swift in Sources */ = {isa = PBXBuildFile; fileRef = 93DFBD419036C0F26ACE77DB /* BookSearchView.swift */; };
		93DFB810831C0910D94F0708 /* BookRepository.swift in Sources */ = {isa = PBXBuildFile; fileRef = 93DFB4920017E05C49894102 /* BookRepository.swift */; };
		93DFBB595E26E72195E94B0C /* BookDetailView.swift in Sources */ = {isa = PBXBuildFile; fileRef = 93DFB7C1E17F25DCE5ED87E0 /* BookDetailView.swift */; };
		93DFBC477E29B168116B5E1B /* Preview Assets.xcassets in Resources */ = {isa = PBXBuildFile; fileRef = 93DFB82440FDCC5957F3E7BA /* Preview Assets.xcassets */; };
		93DFBE00F3CC658580DE6F2B /* ModelData.swift in Sources */ = {isa = PBXBuildFile; fileRef = 93DFB9F1506D795C8F21FC20 /* ModelData.swift */; };
		B45CCB022948DC4800F1E6DB /* Book.swift in Sources */ = {isa = PBXBuildFile; fileRef = B45CCB012948DC4800F1E6DB /* Book.swift */; };
		B47350AA29574F290082F86B /* Strings.swift in Sources */ = {isa = PBXBuildFile; fileRef = B47350A929574F290082F86B /* Strings.swift */; };
		B49288762943EA5700E435B4 /* ContentView.swift in Sources */ = {isa = PBXBuildFile; fileRef = B49288752943EA5700E435B4 /* ContentView.swift */; };
		B49288832943EC0B00E435B4 /* Alamofire in Frameworks */ = {isa = PBXBuildFile; productRef = B49288822943EC0B00E435B4 /* Alamofire */; };
		B49288862943F50D00E435B4 /* SwiftCSV in Frameworks */ = {isa = PBXBuildFile; productRef = B49288852943F50D00E435B4 /* SwiftCSV */; };
		B49288932944033B00E435B4 /* pg_catalog.csv in Resources */ = {isa = PBXBuildFile; fileRef = B49288922944033B00E435B4 /* pg_catalog.csv */; };
		B4928896294530A700E435B4 /* SQLite in Frameworks */ = {isa = PBXBuildFile; productRef = B4928895294530A700E435B4 /* SQLite */; };
		B49A81E3295B4EAA00109DE5 /* EmailView.swift in Sources */ = {isa = PBXBuildFile; fileRef = B49A81E2295B4EAA00109DE5 /* EmailView.swift */; };
/* End PBXBuildFile section */

/* Begin PBXFileReference section */
		93DFB4920017E05C49894102 /* BookRepository.swift */ = {isa = PBXFileReference; fileEncoding = 4; lastKnownFileType = sourcecode.swift; path = BookRepository.swift; sourceTree = "<group>"; };
		93DFB79F1854EC5203C31733 /* Assets.xcassets */ = {isa = PBXFileReference; lastKnownFileType = folder.assetcatalog; path = Assets.xcassets; sourceTree = "<group>"; };
		93DFB7C1E17F25DCE5ED87E0 /* BookDetailView.swift */ = {isa = PBXFileReference; fileEncoding = 4; lastKnownFileType = sourcecode.swift; path = BookDetailView.swift; sourceTree = "<group>"; };
		93DFB82440FDCC5957F3E7BA /* Preview Assets.xcassets */ = {isa = PBXFileReference; lastKnownFileType = folder.assetcatalog; path = "Preview Assets.xcassets"; sourceTree = "<group>"; };
		93DFB9F1506D795C8F21FC20 /* ModelData.swift */ = {isa = PBXFileReference; fileEncoding = 4; lastKnownFileType = sourcecode.swift; path = ModelData.swift; sourceTree = "<group>"; };
		93DFBCB3B775CBCC2B72546E /* TCReadApp.swift */ = {isa = PBXFileReference; fileEncoding = 4; lastKnownFileType = sourcecode.swift; path = TCReadApp.swift; sourceTree = "<group>"; };
		93DFBD419036C0F26ACE77DB /* BookSearchView.swift */ = {isa = PBXFileReference; fileEncoding = 4; lastKnownFileType = sourcecode.swift; path = BookSearchView.swift; sourceTree = "<group>"; };
		B45CCB012948DC4800F1E6DB /* Book.swift */ = {isa = PBXFileReference; lastKnownFileType = sourcecode.swift; path = Book.swift; sourceTree = "<group>"; };
		B47350A929574F290082F86B /* Strings.swift */ = {isa = PBXFileReference; lastKnownFileType = sourcecode.swift; path = Strings.swift; sourceTree = "<group>"; };
		B49288702943EA5700E435B4 /* TCRead.app */ = {isa = PBXFileReference; explicitFileType = wrapper.application; includeInIndex = 0; path = TCRead.app; sourceTree = BUILT_PRODUCTS_DIR; };
		B49288752943EA5700E435B4 /* ContentView.swift */ = {isa = PBXFileReference; lastKnownFileType = sourcecode.swift; path = ContentView.swift; sourceTree = "<group>"; };
		B49288922944033B00E435B4 /* pg_catalog.csv */ = {isa = PBXFileReference; fileEncoding = 4; lastKnownFileType = text; path = pg_catalog.csv; sourceTree = "<group>"; };
		B49A81E2295B4EAA00109DE5 /* EmailView.swift */ = {isa = PBXFileReference; lastKnownFileType = sourcecode.swift; path = EmailView.swift; sourceTree = "<group>"; };
/* End PBXFileReference section */

/* Begin PBXFrameworksBuildPhase section */
		B492886D2943EA5700E435B4 /* Frameworks */ = {
			isa = PBXFrameworksBuildPhase;
			buildActionMask = 2147483647;
			files = (
				B4928896294530A700E435B4 /* SQLite in Frameworks */,
				B49288832943EC0B00E435B4 /* Alamofire in Frameworks */,
				B49288862943F50D00E435B4 /* SwiftCSV in Frameworks */,
			);
			runOnlyForDeploymentPostprocessing = 0;
		};
/* End PBXFrameworksBuildPhase section */

/* Begin PBXGroup section */
		93DFB7B04DEE7210F38B1DFD /* Preview Content */ = {
			isa = PBXGroup;
			children = (
				93DFB82440FDCC5957F3E7BA /* Preview Assets.xcassets */,
			);
			path = "Preview Content";
			sourceTree = "<group>";
		};
		93DFBBAAFC9FAA8BD45CE6DF /* TCRead */ = {
			isa = PBXGroup;
			children = (
				B49A823B295E197800109DE5 /* Repository */,
				B49288922944033B00E435B4 /* pg_catalog.csv */,
				B45CCB002948DC2A00F1E6DB /* Model */,
				B45CCB032948DC6000F1E6DB /* View */,
				B47350A829574F190082F86B /* Util */,
				93DFBCB3B775CBCC2B72546E /* TCReadApp.swift */,
				B49288752943EA5700E435B4 /* ContentView.swift */,
				93DFB79F1854EC5203C31733 /* Assets.xcassets */,
				93DFB7B04DEE7210F38B1DFD /* Preview Content */,
			);
			path = TCRead;
			sourceTree = "<group>";
		};
		B45CCB002948DC2A00F1E6DB /* Model */ = {
			isa = PBXGroup;
			children = (
				B45CCB012948DC4800F1E6DB /* Book.swift */,
				93DFB9F1506D795C8F21FC20 /* ModelData.swift */,
			);
			path = Model;
			sourceTree = "<group>";
		};
		B45CCB032948DC6000F1E6DB /* View */ = {
			isa = PBXGroup;
			children = (
				93DFB7C1E17F25DCE5ED87E0 /* BookDetailView.swift */,
				93DFBD419036C0F26ACE77DB /* BookSearchView.swift */,
				B49A81E2295B4EAA00109DE5 /* EmailView.swift */,
			);
			path = View;
			sourceTree = "<group>";
		};
		B47350A829574F190082F86B /* Util */ = {
			isa = PBXGroup;
			children = (
				B47350A929574F290082F86B /* Strings.swift */,
			);
			path = Util;
			sourceTree = "<group>";
		};
		B49288672943EA5700E435B4 = {
			isa = PBXGroup;
			children = (
				B49288712943EA5700E435B4 /* Products */,
				93DFBBAAFC9FAA8BD45CE6DF /* TCRead */,
			);
			sourceTree = "<group>";
		};
		B49288712943EA5700E435B4 /* Products */ = {
			isa = PBXGroup;
			children = (
				B49288702943EA5700E435B4 /* TCRead.app */,
			);
			name = Products;
			sourceTree = "<group>";
		};
		B49A823B295E197800109DE5 /* Repository */ = {
			isa = PBXGroup;
			children = (
				93DFB4920017E05C49894102 /* BookRepository.swift */,
			);
			path = Repository;
			sourceTree = "<group>";
		};
/* End PBXGroup section */

/* Begin PBXNativeTarget section */
		B492886F2943EA5700E435B4 /* TCRead */ = {
			isa = PBXNativeTarget;
			buildConfigurationList = B492887E2943EA5800E435B4 /* Build configuration list for PBXNativeTarget "TCRead" */;
			buildPhases = (
				B492886C2943EA5700E435B4 /* Sources */,
				B492886D2943EA5700E435B4 /* Frameworks */,
				B492886E2943EA5700E435B4 /* Resources */,
			);
			buildRules = (
			);
			dependencies = (
			);
			name = TCRead;
			packageProductDependencies = (
				B49288822943EC0B00E435B4 /* Alamofire */,
				B49288852943F50D00E435B4 /* SwiftCSV */,
				B4928895294530A700E435B4 /* SQLite */,
			);
			productName = TCRead;
			productReference = B49288702943EA5700E435B4 /* TCRead.app */;
			productType = "com.apple.product-type.application";
		};
/* End PBXNativeTarget section */

/* Begin PBXProject section */
		B49288682943EA5700E435B4 /* Project object */ = {
			isa = PBXProject;
			attributes = {
				BuildIndependentTargetsInParallel = 1;
				LastSwiftUpdateCheck = 1410;
				LastUpgradeCheck = 1410;
				TargetAttributes = {
					B492886F2943EA5700E435B4 = {
						CreatedOnToolsVersion = 14.1;
					};
				};
			};
			buildConfigurationList = B492886B2943EA5700E435B4 /* Build configuration list for PBXProject "TCRead" */;
			compatibilityVersion = "Xcode 14.0";
			developmentRegion = en;
			hasScannedForEncodings = 0;
			knownRegions = (
				en,
				Base,
			);
			mainGroup = B49288672943EA5700E435B4;
			packageReferences = (
				B49288812943EC0B00E435B4 /* XCRemoteSwiftPackageReference "Alamofire" */,
				B49288842943F50D00E435B4 /* XCRemoteSwiftPackageReference "SwiftCSV" */,
				B4928894294530A700E435B4 /* XCRemoteSwiftPackageReference "SQLite" */,
			);
			productRefGroup = B49288712943EA5700E435B4 /* Products */;
			projectDirPath = "";
			projectRoot = "";
			targets = (
				B492886F2943EA5700E435B4 /* TCRead */,
			);
		};
/* End PBXProject section */

/* Begin PBXResourcesBuildPhase section */
		B492886E2943EA5700E435B4 /* Resources */ = {
			isa = PBXResourcesBuildPhase;
			buildActionMask = 2147483647;
			files = (
				B49288932944033B00E435B4 /* pg_catalog.csv in Resources */,
				93DFB28F0C20713973F467CB /* Assets.xcassets in Resources */,
				93DFBC477E29B168116B5E1B /* Preview Assets.xcassets in Resources */,
			);
			runOnlyForDeploymentPostprocessing = 0;
		};
/* End PBXResourcesBuildPhase section */

/* Begin PBXSourcesBuildPhase section */
		B492886C2943EA5700E435B4 /* Sources */ = {
			isa = PBXSourcesBuildPhase;
			buildActionMask = 2147483647;
			files = (
				B49288762943EA5700E435B4 /* ContentView.swift in Sources */,
				B45CCB022948DC4800F1E6DB /* Book.swift in Sources */,
				93DFB56887391E3D0C1882C7 /* TCReadApp.swift in Sources */,
				93DFB810831C0910D94F0708 /* BookRepository.swift in Sources */,
				B47350AA29574F290082F86B /* Strings.swift in Sources */,
				93DFBB595E26E72195E94B0C /* BookDetailView.swift in Sources */,
				93DFB7235A89BA4CB123790F /* BookSearchView.swift in Sources */,
				93DFBE00F3CC658580DE6F2B /* ModelData.swift in Sources */,
				B49A81E3295B4EAA00109DE5 /* EmailView.swift in Sources */,
			);
			runOnlyForDeploymentPostprocessing = 0;
		};
/* End PBXSourcesBuildPhase section */

/* Begin XCBuildConfiguration section */
		B492887C2943EA5800E435B4 /* Debug */ = {
			isa = XCBuildConfiguration;
			buildSettings = {
				ALWAYS_SEARCH_USER_PATHS = NO;
				CLANG_ANALYZER_NONNULL = YES;
				CLANG_ANALYZER_NUMBER_OBJECT_CONVERSION = YES_AGGRESSIVE;
				CLANG_CXX_LANGUAGE_STANDARD = "gnu++20";
				CLANG_ENABLE_MODULES = YES;
				CLANG_ENABLE_OBJC_ARC = YES;
				CLANG_ENABLE_OBJC_WEAK = YES;
				CLANG_WARN_BLOCK_CAPTURE_AUTORELEASING = YES;
				CLANG_WARN_BOOL_CONVERSION = YES;
				CLANG_WARN_COMMA = YES;
				CLANG_WARN_CONSTANT_CONVERSION = YES;
				CLANG_WARN_DEPRECATED_OBJC_IMPLEMENTATIONS = YES;
				CLANG_WARN_DIRECT_OBJC_ISA_USAGE = YES_ERROR;
				CLANG_WARN_DOCUMENTATION_COMMENTS = YES;
				CLANG_WARN_EMPTY_BODY = YES;
				CLANG_WARN_ENUM_CONVERSION = YES;
				CLANG_WARN_INFINITE_RECURSION = YES;
				CLANG_WARN_INT_CONVERSION = YES;
				CLANG_WARN_NON_LITERAL_NULL_CONVERSION = YES;
				CLANG_WARN_OBJC_IMPLICIT_RETAIN_SELF = YES;
				CLANG_WARN_OBJC_LITERAL_CONVERSION = YES;
				CLANG_WARN_OBJC_ROOT_CLASS = YES_ERROR;
				CLANG_WARN_QUOTED_INCLUDE_IN_FRAMEWORK_HEADER = YES;
				CLANG_WARN_RANGE_LOOP_ANALYSIS = YES;
				CLANG_WARN_STRICT_PROTOTYPES = YES;
				CLANG_WARN_SUSPICIOUS_MOVE = YES;
				CLANG_WARN_UNGUARDED_AVAILABILITY = YES_AGGRESSIVE;
				CLANG_WARN_UNREACHABLE_CODE = YES;
				CLANG_WARN__DUPLICATE_METHOD_MATCH = YES;
				COPY_PHASE_STRIP = NO;
				DEBUG_INFORMATION_FORMAT = dwarf;
				ENABLE_STRICT_OBJC_MSGSEND = YES;
				ENABLE_TESTABILITY = YES;
				GCC_C_LANGUAGE_STANDARD = gnu11;
				GCC_DYNAMIC_NO_PIC = NO;
				GCC_NO_COMMON_BLOCKS = YES;
				GCC_OPTIMIZATION_LEVEL = 0;
				GCC_PREPROCESSOR_DEFINITIONS = (
					"DEBUG=1",
					"$(inherited)",
				);
				GCC_WARN_64_TO_32_BIT_CONVERSION = YES;
				GCC_WARN_ABOUT_RETURN_TYPE = YES_ERROR;
				GCC_WARN_UNDECLARED_SELECTOR = YES;
				GCC_WARN_UNINITIALIZED_AUTOS = YES_AGGRESSIVE;
				GCC_WARN_UNUSED_FUNCTION = YES;
				GCC_WARN_UNUSED_VARIABLE = YES;
				IPHONEOS_DEPLOYMENT_TARGET = 16.1;
				MTL_ENABLE_DEBUG_INFO = INCLUDE_SOURCE;
				MTL_FAST_MATH = YES;
				ONLY_ACTIVE_ARCH = YES;
				SDKROOT = iphoneos;
				SWIFT_ACTIVE_COMPILATION_CONDITIONS = DEBUG;
				SWIFT_OPTIMIZATION_LEVEL = "-Onone";
			};
			name = Debug;
		};
		B492887D2943EA5800E435B4 /* Release */ = {
			isa = XCBuildConfiguration;
			buildSettings = {
				ALWAYS_SEARCH_USER_PATHS = NO;
				CLANG_ANALYZER_NONNULL = YES;
				CLANG_ANALYZER_NUMBER_OBJECT_CONVERSION = YES_AGGRESSIVE;
				CLANG_CXX_LANGUAGE_STANDARD = "gnu++20";
				CLANG_ENABLE_MODULES = YES;
				CLANG_ENABLE_OBJC_ARC = YES;
				CLANG_ENABLE_OBJC_WEAK = YES;
				CLANG_WARN_BLOCK_CAPTURE_AUTORELEASING = YES;
				CLANG_WARN_BOOL_CONVERSION = YES;
				CLANG_WARN_COMMA = YES;
				CLANG_WARN_CONSTANT_CONVERSION = YES;
				CLANG_WARN_DEPRECATED_OBJC_IMPLEMENTATIONS = YES;
				CLANG_WARN_DIRECT_OBJC_ISA_USAGE = YES_ERROR;
				CLANG_WARN_DOCUMENTATION_COMMENTS = YES;
				CLANG_WARN_EMPTY_BODY = YES;
				CLANG_WARN_ENUM_CONVERSION = YES;
				CLANG_WARN_INFINITE_RECURSION = YES;
				CLANG_WARN_INT_CONVERSION = YES;
				CLANG_WARN_NON_LITERAL_NULL_CONVERSION = YES;
				CLANG_WARN_OBJC_IMPLICIT_RETAIN_SELF = YES;
				CLANG_WARN_OBJC_LITERAL_CONVERSION = YES;
				CLANG_WARN_OBJC_ROOT_CLASS = YES_ERROR;
				CLANG_WARN_QUOTED_INCLUDE_IN_FRAMEWORK_HEADER = YES;
				CLANG_WARN_RANGE_LOOP_ANALYSIS = YES;
				CLANG_WARN_STRICT_PROTOTYPES = YES;
				CLANG_WARN_SUSPICIOUS_MOVE = YES;
				CLANG_WARN_UNGUARDED_AVAILABILITY = YES_AGGRESSIVE;
				CLANG_WARN_UNREACHABLE_CODE = YES;
				CLANG_WARN__DUPLICATE_METHOD_MATCH = YES;
				COPY_PHASE_STRIP = NO;
				DEBUG_INFORMATION_FORMAT = "dwarf-with-dsym";
				ENABLE_NS_ASSERTIONS = NO;
				ENABLE_STRICT_OBJC_MSGSEND = YES;
				GCC_C_LANGUAGE_STANDARD = gnu11;
				GCC_NO_COMMON_BLOCKS = YES;
				GCC_WARN_64_TO_32_BIT_CONVERSION = YES;
				GCC_WARN_ABOUT_RETURN_TYPE = YES_ERROR;
				GCC_WARN_UNDECLARED_SELECTOR = YES;
				GCC_WARN_UNINITIALIZED_AUTOS = YES_AGGRESSIVE;
				GCC_WARN_UNUSED_FUNCTION = YES;
				GCC_WARN_UNUSED_VARIABLE = YES;
				IPHONEOS_DEPLOYMENT_TARGET = 16.1;
				MTL_ENABLE_DEBUG_INFO = NO;
				MTL_FAST_MATH = YES;
				SDKROOT = iphoneos;
				SWIFT_COMPILATION_MODE = wholemodule;
				SWIFT_OPTIMIZATION_LEVEL = "-O";
				VALIDATE_PRODUCT = YES;
			};
			name = Release;
		};
		B492887F2943EA5800E435B4 /* Debug */ = {
			isa = XCBuildConfiguration;
			buildSettings = {
				ASSETCATALOG_COMPILER_APPICON_NAME = AppIcon;
				ASSETCATALOG_COMPILER_GLOBAL_ACCENT_COLOR_NAME = AccentColor;
				CODE_SIGN_STYLE = Automatic;
				CURRENT_PROJECT_VERSION = 1;
				DEVELOPMENT_ASSET_PATHS = "\"TCRead/Preview Content\"";
				DEVELOPMENT_TEAM = X42G99P7J6;
				ENABLE_PREVIEWS = YES;
				GENERATE_INFOPLIST_FILE = YES;
				INFOPLIST_KEY_UIApplicationSceneManifest_Generation = YES;
				INFOPLIST_KEY_UIApplicationSupportsIndirectInputEvents = YES;
				INFOPLIST_KEY_UILaunchScreen_Generation = YES;
				INFOPLIST_KEY_UISupportedInterfaceOrientations_iPad = "UIInterfaceOrientationPortrait UIInterfaceOrientationPortraitUpsideDown UIInterfaceOrientationLandscapeLeft UIInterfaceOrientationLandscapeRight";
				INFOPLIST_KEY_UISupportedInterfaceOrientations_iPhone = "UIInterfaceOrientationPortrait UIInterfaceOrientationLandscapeLeft UIInterfaceOrientationLandscapeRight";
				LD_RUNPATH_SEARCH_PATHS = (
					"$(inherited)",
					"@executable_path/Frameworks",
				);
				MARKETING_VERSION = 1.0;
				PRODUCT_BUNDLE_IDENTIFIER = com.toddcooke.TCRead;
				PRODUCT_NAME = "$(TARGET_NAME)";
				SWIFT_EMIT_LOC_STRINGS = YES;
				SWIFT_VERSION = 5.0;
				TARGETED_DEVICE_FAMILY = "1,2";
			};
			name = Debug;
		};
		B49288802943EA5800E435B4 /* Release */ = {
			isa = XCBuildConfiguration;
			buildSettings = {
				ASSETCATALOG_COMPILER_APPICON_NAME = AppIcon;
				ASSETCATALOG_COMPILER_GLOBAL_ACCENT_COLOR_NAME = AccentColor;
				CODE_SIGN_STYLE = Automatic;
				CURRENT_PROJECT_VERSION = 1;
				DEVELOPMENT_ASSET_PATHS = "\"TCRead/Preview Content\"";
				DEVELOPMENT_TEAM = X42G99P7J6;
				ENABLE_PREVIEWS = YES;
				GENERATE_INFOPLIST_FILE = YES;
				INFOPLIST_KEY_UIApplicationSceneManifest_Generation = YES;
				INFOPLIST_KEY_UIApplicationSupportsIndirectInputEvents = YES;
				INFOPLIST_KEY_UILaunchScreen_Generation = YES;
				INFOPLIST_KEY_UISupportedInterfaceOrientations_iPad = "UIInterfaceOrientationPortrait UIInterfaceOrientationPortraitUpsideDown UIInterfaceOrientationLandscapeLeft UIInterfaceOrientationLandscapeRight";
				INFOPLIST_KEY_UISupportedInterfaceOrientations_iPhone = "UIInterfaceOrientationPortrait UIInterfaceOrientationLandscapeLeft UIInterfaceOrientationLandscapeRight";
				LD_RUNPATH_SEARCH_PATHS = (
					"$(inherited)",
					"@executable_path/Frameworks",
				);
				MARKETING_VERSION = 1.0;
				PRODUCT_BUNDLE_IDENTIFIER = com.toddcooke.TCRead;
				PRODUCT_NAME = "$(TARGET_NAME)";
				SWIFT_EMIT_LOC_STRINGS = YES;
				SWIFT_VERSION = 5.0;
				TARGETED_DEVICE_FAMILY = "1,2";
			};
			name = Release;
		};
/* End XCBuildConfiguration section */

/* Begin XCConfigurationList section */
		B492886B2943EA5700E435B4 /* Build configuration list for PBXProject "TCRead" */ = {
			isa = XCConfigurationList;
			buildConfigurations = (
				B492887C2943EA5800E435B4 /* Debug */,
				B492887D2943EA5800E435B4 /* Release */,
			);
			defaultConfigurationIsVisible = 0;
			defaultConfigurationName = Release;
		};
		B492887E2943EA5800E435B4 /* Build configuration list for PBXNativeTarget "TCRead" */ = {
			isa = XCConfigurationList;
			buildConfigurations = (
				B492887F2943EA5800E435B4 /* Debug */,
				B49288802943EA5800E435B4 /* Release */,
			);
			defaultConfigurationIsVisible = 0;
			defaultConfigurationName = Release;
		};
/* End XCConfigurationList section */

/* Begin XCRemoteSwiftPackageReference section */
		B49288812943EC0B00E435B4 /* XCRemoteSwiftPackageReference "Alamofire" */ = {
			isa = XCRemoteSwiftPackageReference;
			repositoryURL = "https://github.com/Alamofire/Alamofire";
			requirement = {
				kind = upToNextMajorVersion;
				minimumVersion = 5.0.0;
			};
		};
		B49288842943F50D00E435B4 /* XCRemoteSwiftPackageReference "SwiftCSV" */ = {
			isa = XCRemoteSwiftPackageReference;
			repositoryURL = "https://github.com/swiftcsv/SwiftCSV";
			requirement = {
				kind = upToNextMajorVersion;
				minimumVersion = 0.8.1;
			};
		};
		B4928894294530A700E435B4 /* XCRemoteSwiftPackageReference "SQLite" */ = {
			isa = XCRemoteSwiftPackageReference;
			repositoryURL = "https://github.com/stephencelis/SQLite.swift";
			requirement = {
				kind = upToNextMajorVersion;
				minimumVersion = 0.9.2;
			};
		};
/* End XCRemoteSwiftPackageReference section */

/* Begin XCSwiftPackageProductDependency section */
		B49288822943EC0B00E435B4 /* Alamofire */ = {
			isa = XCSwiftPackageProductDependency;
			package = B49288812943EC0B00E435B4 /* XCRemoteSwiftPackageReference "Alamofire" */;
			productName = Alamofire;
		};
		B49288852943F50D00E435B4 /* SwiftCSV */ = {
			isa = XCSwiftPackageProductDependency;
			package = B49288842943F50D00E435B4 /* XCRemoteSwiftPackageReference "SwiftCSV" */;
			productName = SwiftCSV;
		};
		B4928895294530A700E435B4 /* SQLite */ = {
			isa = XCSwiftPackageProductDependency;
			package = B4928894294530A700E435B4 /* XCRemoteSwiftPackageReference "SQLite" */;
			productName = SQLite;
		};
/* End XCSwiftPackageProductDependency section */
	};
	rootObject = B49288682943EA5700E435B4 /* Project object */;
}
